
Microsoft Visual Studio Solution File, Format Version 12.00
# Visual Studio Version 16
VisualStudioVersion = 16.0.30204.135
MinimumVisualStudioVersion = 10.0.40219.1
Project("{FAE04EC0-301F-11D3-BF4B-00C04F79EFBC}") = "EventsDelegatesDemo", "EventsDelegatesDemo\EventsDelegatesDemo.csproj", "{5A7CEADC-4B80-469E-B5C6-EE560EDA944B}"
EndProject
Global
	GlobalSection(SolutionConfigurationPlatforms) = preSolution
		Debug|Any CPU = Debug|Any CPU
		Release|Any CPU = Release|Any CPU
	EndGlobalSection
	GlobalSection(ProjectConfigurationPlatforms) = postSolution
		{5A7CEADC-4B80-469E-B5C6-EE560EDA944B}.Debug|Any CPU.ActiveCfg = Debug|Any CPU
		{5A7CEADC-4B80-469E-B5C6-EE560EDA944B}.Debug|Any CPU.Build.0 = Debug|Any CPU
		{5A7CEADC-4B80-469E-B5C6-EE560EDA944B}.Release|Any CPU.ActiveCfg = Release|Any CPU
		{5A7CEADC-4B80-469E-B5C6-EE560EDA944B}.Release|Any CPU.Build.0 = Release|Any CPU
	EndGlobalSection
	GlobalSection(SolutionProperties) = preSolution
		HideSolutionNode = FALSE
	EndGlobalSection
	GlobalSection(ExtensibilityGlobals) = postSolution
		SolutionGuid = {6EE1C6A8-09E6-474B-AC07-21C83B0EA586}
	EndGlobalSection
EndGlobal
