
Microsoft Visual Studio Solution File, Format Version 12.00
# Visual Studio Version 16
VisualStudioVersion = 16.0.30204.135
MinimumVisualStudioVersion = 10.0.40219.1
Project("{FAE04EC0-301F-11D3-BF4B-00C04F79EFBC}") = "DelegatesLockBits", "DelegatesLockBits\DelegatesLockBits.csproj", "{C1C6BE3F-CF18-4D5C-89D8-5AB2F7870767}"
EndProject
Global
	GlobalSection(SolutionConfigurationPlatforms) = preSolution
		Debug|Any CPU = Debug|Any CPU
		Release|Any CPU = Release|Any CPU
	EndGlobalSection
	GlobalSection(ProjectConfigurationPlatforms) = postSolution
		{C1C6BE3F-CF18-4D5C-89D8-5AB2F7870767}.Debug|Any CPU.ActiveCfg = Debug|Any CPU
		{C1C6BE3F-CF18-4D5C-89D8-5AB2F7870767}.Debug|Any CPU.Build.0 = Debug|Any CPU
		{C1C6BE3F-CF18-4D5C-89D8-5AB2F7870767}.Release|Any CPU.ActiveCfg = Release|Any CPU
		{C1C6BE3F-CF18-4D5C-89D8-5AB2F7870767}.Release|Any CPU.Build.0 = Release|Any CPU
	EndGlobalSection
	GlobalSection(SolutionProperties) = preSolution
		HideSolutionNode = FALSE
	EndGlobalSection
	GlobalSection(ExtensibilityGlobals) = postSolution
		SolutionGuid = {D6F2A29A-3AA1-41D0-AE28-7647718DE9C7}
	EndGlobalSection
EndGlobal
